Microsoft Visual Studio Solution File, Format Version 12.00
# Visual Studio 2012
Project("{FAE04EC0-301F-11D3-BF4B-00C04F79EFBC}") = "Project Furry Farm", "Project Furry Farm.csproj", "{1EF91814-8B75-45E6-9858-22ADC075847B}"
EndProject
Global
	GlobalSection(SolutionConfigurationPlatforms) = preSolution
	Debug|Any CPU = Debug|Any CPU
	ExportDebug|Any CPU = ExportDebug|Any CPU
	ExportRelease|Any CPU = ExportRelease|Any CPU
	EndGlobalSection
	GlobalSection(ProjectConfigurationPlatforms) = postSolution
		{1EF91814-8B75-45E6-9858-22ADC075847B}.Debug|Any CPU.ActiveCfg = Debug|Any CPU
		{1EF91814-8B75-45E6-9858-22ADC075847B}.Debug|Any CPU.Build.0 = Debug|Any CPU
		{1EF91814-8B75-45E6-9858-22ADC075847B}.ExportDebug|Any CPU.ActiveCfg = ExportDebug|Any CPU
		{1EF91814-8B75-45E6-9858-22ADC075847B}.ExportDebug|Any CPU.Build.0 = ExportDebug|Any CPU
		{1EF91814-8B75-45E6-9858-22ADC075847B}.ExportRelease|Any CPU.ActiveCfg = ExportRelease|Any CPU
		{1EF91814-8B75-45E6-9858-22ADC075847B}.ExportRelease|Any CPU.Build.0 = ExportRelease|Any CPU
	EndGlobalSection
EndGlobal
